
Microsoft Visual Studio Solution File, Format Version 12.00
# Visual Studio Version 17
VisualStudioVersion = 17.13.35919.96 d17.13
MinimumVisualStudioVersion = 10.0.40219.1
Project("{FAE04EC0-301F-11D3-BF4B-00C04F79EFBC}") = "NumeroSecreto", "NumeroSecreto\NumeroSecreto.csproj", "{88400AE2-0C5B-4867-92A5-099C4F4CE368}"
EndProject
Global
	GlobalSection(SolutionConfigurationPlatforms) = preSolution
		Debug|Any CPU = Debug|Any CPU
		Release|Any CPU = Release|Any CPU
	EndGlobalSection
	GlobalSection(ProjectConfigurationPlatforms) = postSolution
		{88400AE2-0C5B-4867-92A5-099C4F4CE368}.Debug|Any CPU.ActiveCfg = Debug|Any CPU
		{88400AE2-0C5B-4867-92A5-099C4F4CE368}.Debug|Any CPU.Build.0 = Debug|Any CPU
		{88400AE2-0C5B-4867-92A5-099C4F4CE368}.Release|Any CPU.ActiveCfg = Release|Any CPU
		{88400AE2-0C5B-4867-92A5-099C4F4CE368}.Release|Any CPU.Build.0 = Release|Any CPU
	EndGlobalSection
	GlobalSection(SolutionProperties) = preSolution
		HideSolutionNode = FALSE
	EndGlobalSection
	GlobalSection(ExtensibilityGlobals) = postSolution
		SolutionGuid = {7DBD9537-FF36-4BF6-8D27-AC58FF728AE1}
	EndGlobalSection
EndGlobal
