
Microsoft Visual Studio Solution File, Format Version 12.00
# Visual Studio Version 17
VisualStudioVersion = 17.13.35919.96 d17.13
MinimumVisualStudioVersion = 10.0.40219.1
Project("{FAE04EC0-301F-11D3-BF4B-00C04F79EFBC}") = "ConversorDeHoras", "ConversorDeHoras\ConversorDeHoras.csproj", "{CCF94849-7130-4882-A8AA-3F6E427282BC}"
EndProject
Global
	GlobalSection(SolutionConfigurationPlatforms) = preSolution
		Debug|Any CPU = Debug|Any CPU
		Release|Any CPU = Release|Any CPU
	EndGlobalSection
	GlobalSection(ProjectConfigurationPlatforms) = postSolution
		{CCF94849-7130-4882-A8AA-3F6E427282BC}.Debug|Any CPU.ActiveCfg = Debug|Any CPU
		{CCF94849-7130-4882-A8AA-3F6E427282BC}.Debug|Any CPU.Build.0 = Debug|Any CPU
		{CCF94849-7130-4882-A8AA-3F6E427282BC}.Release|Any CPU.ActiveCfg = Release|Any CPU
		{CCF94849-7130-4882-A8AA-3F6E427282BC}.Release|Any CPU.Build.0 = Release|Any CPU
	EndGlobalSection
	GlobalSection(SolutionProperties) = preSolution
		HideSolutionNode = FALSE
	EndGlobalSection
	GlobalSection(ExtensibilityGlobals) = postSolution
		SolutionGuid = {3BB073D6-4A66-40FD-879C-01FC308B385D}
	EndGlobalSection
EndGlobal
