
Microsoft Visual Studio Solution File, Format Version 12.00
# Visual Studio Version 17
VisualStudioVersion = 17.13.35919.96 d17.13
MinimumVisualStudioVersion = 10.0.40219.1
Project("{FAE04EC0-301F-11D3-BF4B-00C04F79EFBC}") = "QuantosImparesForamDigitados", "QuantosImparesForamDigitados\QuantosImparesForamDigitados.csproj", "{205D94E2-CEC1-4AD7-90B3-77EA37DE764E}"
EndProject
Global
	GlobalSection(SolutionConfigurationPlatforms) = preSolution
		Debug|Any CPU = Debug|Any CPU
		Release|Any CPU = Release|Any CPU
	EndGlobalSection
	GlobalSection(ProjectConfigurationPlatforms) = postSolution
		{205D94E2-CEC1-4AD7-90B3-77EA37DE764E}.Debug|Any CPU.ActiveCfg = Debug|Any CPU
		{205D94E2-CEC1-4AD7-90B3-77EA37DE764E}.Debug|Any CPU.Build.0 = Debug|Any CPU
		{205D94E2-CEC1-4AD7-90B3-77EA37DE764E}.Release|Any CPU.ActiveCfg = Release|Any CPU
		{205D94E2-CEC1-4AD7-90B3-77EA37DE764E}.Release|Any CPU.Build.0 = Release|Any CPU
	EndGlobalSection
	GlobalSection(SolutionProperties) = preSolution
		HideSolutionNode = FALSE
	EndGlobalSection
	GlobalSection(ExtensibilityGlobals) = postSolution
		SolutionGuid = {003556D3-50CD-4F6D-9640-3F7ED8274465}
	EndGlobalSection
EndGlobal
