
Microsoft Visual Studio Solution File, Format Version 12.00
# Visual Studio Version 17
VisualStudioVersion = 17.13.35919.96 d17.13
MinimumVisualStudioVersion = 10.0.40219.1
Project("{FAE04EC0-301F-11D3-BF4B-00C04F79EFBC}") = "ControleDeEstoque", "ControleDeEstoque\ControleDeEstoque.csproj", "{1ECA6652-88D0-4D44-A10A-D1A3A15E5E19}"
EndProject
Global
	GlobalSection(SolutionConfigurationPlatforms) = preSolution
		Debug|Any CPU = Debug|Any CPU
		Release|Any CPU = Release|Any CPU
	EndGlobalSection
	GlobalSection(ProjectConfigurationPlatforms) = postSolution
		{1ECA6652-88D0-4D44-A10A-D1A3A15E5E19}.Debug|Any CPU.ActiveCfg = Debug|Any CPU
		{1ECA6652-88D0-4D44-A10A-D1A3A15E5E19}.Debug|Any CPU.Build.0 = Debug|Any CPU
		{1ECA6652-88D0-4D44-A10A-D1A3A15E5E19}.Release|Any CPU.ActiveCfg = Release|Any CPU
		{1ECA6652-88D0-4D44-A10A-D1A3A15E5E19}.Release|Any CPU.Build.0 = Release|Any CPU
	EndGlobalSection
	GlobalSection(SolutionProperties) = preSolution
		HideSolutionNode = FALSE
	EndGlobalSection
	GlobalSection(ExtensibilityGlobals) = postSolution
		SolutionGuid = {A742EA2A-3F9E-4B77-AC46-DCB2E44B5857}
	EndGlobalSection
EndGlobal
