
Microsoft Visual Studio Solution File, Format Version 12.00
# Visual Studio Version 17
VisualStudioVersion = 17.13.35919.96 d17.13
MinimumVisualStudioVersion = 10.0.40219.1
Project("{FAE04EC0-301F-11D3-BF4B-00C04F79EFBC}") = "ExtraindoValorMoeda", "ExtraindoValorMoeda\ExtraindoValorMoeda.csproj", "{999FB07C-1528-4C97-9A89-18C62AA169F5}"
EndProject
Global
	GlobalSection(SolutionConfigurationPlatforms) = preSolution
		Debug|Any CPU = Debug|Any CPU
		Release|Any CPU = Release|Any CPU
	EndGlobalSection
	GlobalSection(ProjectConfigurationPlatforms) = postSolution
		{999FB07C-1528-4C97-9A89-18C62AA169F5}.Debug|Any CPU.ActiveCfg = Debug|Any CPU
		{999FB07C-1528-4C97-9A89-18C62AA169F5}.Debug|Any CPU.Build.0 = Debug|Any CPU
		{999FB07C-1528-4C97-9A89-18C62AA169F5}.Release|Any CPU.ActiveCfg = Release|Any CPU
		{999FB07C-1528-4C97-9A89-18C62AA169F5}.Release|Any CPU.Build.0 = Release|Any CPU
	EndGlobalSection
	GlobalSection(SolutionProperties) = preSolution
		HideSolutionNode = FALSE
	EndGlobalSection
	GlobalSection(ExtensibilityGlobals) = postSolution
		SolutionGuid = {E93650D6-2900-44C7-A3E2-E18341C981F5}
	EndGlobalSection
EndGlobal
